
Microsoft Visual Studio Solution File, Format Version 12.00
# Visual Studio Version 17
VisualStudioVersion = 17.5.33516.290
MinimumVisualStudioVersion = 10.0.40219.1
Project("{FAE04EC0-301F-11D3-BF4B-00C04F79EFBC}") = "PanelPacking", "PanelPacking\PanelPacking.csproj", "{386943B7-4685-495E-9F3C-20B42E1A2A35}"
EndProject
Global
	GlobalSection(SolutionConfigurationPlatforms) = preSolution
		Debug|Any CPU = Debug|Any CPU
		Release|Any CPU = Release|Any CPU
	EndGlobalSection
	GlobalSection(ProjectConfigurationPlatforms) = postSolution
		{386943B7-4685-495E-9F3C-20B42E1A2A35}.Debug|Any CPU.ActiveCfg = Debug|Any CPU
		{386943B7-4685-495E-9F3C-20B42E1A2A35}.Debug|Any CPU.Build.0 = Debug|Any CPU
		{386943B7-4685-495E-9F3C-20B42E1A2A35}.Release|Any CPU.ActiveCfg = Release|Any CPU
		{386943B7-4685-495E-9F3C-20B42E1A2A35}.Release|Any CPU.Build.0 = Release|Any CPU
	EndGlobalSection
	GlobalSection(SolutionProperties) = preSolution
		HideSolutionNode = FALSE
	EndGlobalSection
	GlobalSection(ExtensibilityGlobals) = postSolution
		SolutionGuid = {896F33A1-9994-4367-877E-818345D4AA1D}
	EndGlobalSection
EndGlobal
